
Microsoft Visual Studio Solution File, Format Version 12.00
# Visual Studio Version 17
VisualStudioVersion = 17.6.33829.357
MinimumVisualStudioVersion = 10.0.40219.1
Project("{9A19103F-16F7-4668-BE54-9A1E7A4F7556}") = "TocnoVrijeme", "TocnoVrijeme\TocnoVrijeme.csproj", "{083EBBC0-C9DE-45D4-B389-884DC552BB12}"
EndProject
Project("{9A19103F-16F7-4668-BE54-9A1E7A4F7556}") = "Inicijali", "Inicijali\Inicijali.csproj", "{2DB1456B-F2B5-4226-94BF-0CE2E9DCD19A}"
EndProject
Project("{9A19103F-16F7-4668-BE54-9A1E7A4F7556}") = "RacunskeOperacije", "RacunskeOperacije\RacunskeOperacije.csproj", "{B3936F51-AC0C-4C5B-8C4A-30C3AADCE9E6}"
EndProject
Project("{9A19103F-16F7-4668-BE54-9A1E7A4F7556}") = "ProsjekOcjena", "ProsjekOcjena\ProsjekOcjena.csproj", "{F7C2701A-6046-4C53-87ED-794B91E3E21E}"
EndProject
Project("{9A19103F-16F7-4668-BE54-9A1E7A4F7556}") = "ProsjekOcjena_TryParse", "ProsjekOcjena_TryParse\ProsjekOcjena_TryParse.csproj", "{4AF5F353-7A05-42D1-B77A-25834841D72F}"
EndProject
Project("{9A19103F-16F7-4668-BE54-9A1E7A4F7556}") = "DatumiRodenja", "DatumiRodenja\DatumiRodenja.csproj", "{5A3AF8F9-B33F-43C5-A1DF-C93A1536E977}"
EndProject
Project("{9A19103F-16F7-4668-BE54-9A1E7A4F7556}") = "DaniMjeseca", "DaniMjeseca\DaniMjeseca.csproj", "{4BCCCB43-9360-42D7-8273-AACAE982481B}"
EndProject
Project("{FAE04EC0-301F-11D3-BF4B-00C04F79EFBC}") = "Djelitelji", "Djelitelji\Djelitelji.csproj", "{8AD8A1CF-419D-4FAF-A880-90033FA6D649}"
EndProject
Project("{FAE04EC0-301F-11D3-BF4B-00C04F79EFBC}") = "Djelitelji_dopetlja", "Djelitelji_dopetlja\Djelitelji_dopetlja.csproj", "{50058DFE-9C86-40CD-B1F2-0577A4DD983C}"
EndProject
Global
	GlobalSection(SolutionConfigurationPlatforms) = preSolution
		Debug|Any CPU = Debug|Any CPU
		Release|Any CPU = Release|Any CPU
	EndGlobalSection
	GlobalSection(ProjectConfigurationPlatforms) = postSolution
		{083EBBC0-C9DE-45D4-B389-884DC552BB12}.Debug|Any CPU.ActiveCfg = Debug|Any CPU
		{083EBBC0-C9DE-45D4-B389-884DC552BB12}.Debug|Any CPU.Build.0 = Debug|Any CPU
		{083EBBC0-C9DE-45D4-B389-884DC552BB12}.Release|Any CPU.ActiveCfg = Release|Any CPU
		{083EBBC0-C9DE-45D4-B389-884DC552BB12}.Release|Any CPU.Build.0 = Release|Any CPU
		{2DB1456B-F2B5-4226-94BF-0CE2E9DCD19A}.Debug|Any CPU.ActiveCfg = Debug|Any CPU
		{2DB1456B-F2B5-4226-94BF-0CE2E9DCD19A}.Debug|Any CPU.Build.0 = Debug|Any CPU
		{2DB1456B-F2B5-4226-94BF-0CE2E9DCD19A}.Release|Any CPU.ActiveCfg = Release|Any CPU
		{2DB1456B-F2B5-4226-94BF-0CE2E9DCD19A}.Release|Any CPU.Build.0 = Release|Any CPU
		{B3936F51-AC0C-4C5B-8C4A-30C3AADCE9E6}.Debug|Any CPU.ActiveCfg = Debug|Any CPU
		{B3936F51-AC0C-4C5B-8C4A-30C3AADCE9E6}.Debug|Any CPU.Build.0 = Debug|Any CPU
		{B3936F51-AC0C-4C5B-8C4A-30C3AADCE9E6}.Release|Any CPU.ActiveCfg = Release|Any CPU
		{B3936F51-AC0C-4C5B-8C4A-30C3AADCE9E6}.Release|Any CPU.Build.0 = Release|Any CPU
		{F7C2701A-6046-4C53-87ED-794B91E3E21E}.Debug|Any CPU.ActiveCfg = Debug|Any CPU
		{F7C2701A-6046-4C53-87ED-794B91E3E21E}.Debug|Any CPU.Build.0 = Debug|Any CPU
		{F7C2701A-6046-4C53-87ED-794B91E3E21E}.Release|Any CPU.ActiveCfg = Release|Any CPU
		{F7C2701A-6046-4C53-87ED-794B91E3E21E}.Release|Any CPU.Build.0 = Release|Any CPU
		{4AF5F353-7A05-42D1-B77A-25834841D72F}.Debug|Any CPU.ActiveCfg = Debug|Any CPU
		{4AF5F353-7A05-42D1-B77A-25834841D72F}.Debug|Any CPU.Build.0 = Debug|Any CPU
		{4AF5F353-7A05-42D1-B77A-25834841D72F}.Release|Any CPU.ActiveCfg = Release|Any CPU
		{4AF5F353-7A05-42D1-B77A-25834841D72F}.Release|Any CPU.Build.0 = Release|Any CPU
		{5A3AF8F9-B33F-43C5-A1DF-C93A1536E977}.Debug|Any CPU.ActiveCfg = Debug|Any CPU
		{5A3AF8F9-B33F-43C5-A1DF-C93A1536E977}.Debug|Any CPU.Build.0 = Debug|Any CPU
		{5A3AF8F9-B33F-43C5-A1DF-C93A1536E977}.Release|Any CPU.ActiveCfg = Release|Any CPU
		{5A3AF8F9-B33F-43C5-A1DF-C93A1536E977}.Release|Any CPU.Build.0 = Release|Any CPU
		{4BCCCB43-9360-42D7-8273-AACAE982481B}.Debug|Any CPU.ActiveCfg = Debug|Any CPU
		{4BCCCB43-9360-42D7-8273-AACAE982481B}.Debug|Any CPU.Build.0 = Debug|Any CPU
		{4BCCCB43-9360-42D7-8273-AACAE982481B}.Release|Any CPU.ActiveCfg = Release|Any CPU
		{4BCCCB43-9360-42D7-8273-AACAE982481B}.Release|Any CPU.Build.0 = Release|Any CPU
		{8AD8A1CF-419D-4FAF-A880-90033FA6D649}.Debug|Any CPU.ActiveCfg = Debug|Any CPU
		{8AD8A1CF-419D-4FAF-A880-90033FA6D649}.Debug|Any CPU.Build.0 = Debug|Any CPU
		{8AD8A1CF-419D-4FAF-A880-90033FA6D649}.Release|Any CPU.ActiveCfg = Release|Any CPU
		{8AD8A1CF-419D-4FAF-A880-90033FA6D649}.Release|Any CPU.Build.0 = Release|Any CPU
		{50058DFE-9C86-40CD-B1F2-0577A4DD983C}.Debug|Any CPU.ActiveCfg = Debug|Any CPU
		{50058DFE-9C86-40CD-B1F2-0577A4DD983C}.Debug|Any CPU.Build.0 = Debug|Any CPU
		{50058DFE-9C86-40CD-B1F2-0577A4DD983C}.Release|Any CPU.ActiveCfg = Release|Any CPU
		{50058DFE-9C86-40CD-B1F2-0577A4DD983C}.Release|Any CPU.Build.0 = Release|Any CPU
	EndGlobalSection
	GlobalSection(SolutionProperties) = preSolution
		HideSolutionNode = FALSE
	EndGlobalSection
	GlobalSection(ExtensibilityGlobals) = postSolution
		SolutionGuid = {224D6DB7-95FA-47A6-A211-AB297AD8EA65}
	EndGlobalSection
EndGlobal
