
Microsoft Visual Studio Solution File, Format Version 12.00
# Visual Studio Version 17
VisualStudioVersion = 17.12.35514.174 d17.12
MinimumVisualStudioVersion = 10.0.40219.1
Project("{FAE04EC0-301F-11D3-BF4B-00C04F79EFBC}") = "DemoProjekt", "DemoProjekt.csproj", "{485EA233-DB82-4449-970E-FD6F588B2726}"
EndProject
Global
	GlobalSection(SolutionConfigurationPlatforms) = preSolution
		Debug|Any CPU = Debug|Any CPU
		Release|Any CPU = Release|Any CPU
	EndGlobalSection
	GlobalSection(ProjectConfigurationPlatforms) = postSolution
		{485EA233-DB82-4449-970E-FD6F588B2726}.Debug|Any CPU.ActiveCfg = Debug|Any CPU
		{485EA233-DB82-4449-970E-FD6F588B2726}.Debug|Any CPU.Build.0 = Debug|Any CPU
		{485EA233-DB82-4449-970E-FD6F588B2726}.Release|Any CPU.ActiveCfg = Release|Any CPU
		{485EA233-DB82-4449-970E-FD6F588B2726}.Release|Any CPU.Build.0 = Release|Any CPU
	EndGlobalSection
	GlobalSection(SolutionProperties) = preSolution
		HideSolutionNode = FALSE
	EndGlobalSection
EndGlobal
